{
  "version": "5",
  "specifiers": {
    "jsr:@hono/hono@4": "4.12.5",
    "jsr:@std/assert@*": "1.0.19",
    "jsr:@std/assert@1": "1.0.19",
    "jsr:@std/internal@^1.0.12": "1.0.12",
    "npm:@anthropic-ai/tokenizer@^0.0.4": "0.0.4",
    "npm:gpt-tokenizer@^3.4.0": "3.4.0"
  },
  "jsr": {
    "@hono/hono@4.12.5": {
      "integrity": "16e6ac6d6ab65c3d08fa4c019c3d9236389044074f3932bf0922fcb582e530c6"
    },
    "@std/assert@1.0.19": {
      "integrity": "eaada96ee120cb980bc47e040f82814d786fe8162ecc53c91d8df60b8755991e",
      "dependencies": [
        "jsr:@std/internal"
      ]
    },
    "@std/internal@1.0.12": {
      "integrity": "972a634fd5bc34b242024402972cd5143eac68d8dffaca5eaa4dba30ce17b027"
    }
  },
  "npm": {
    "@anthropic-ai/tokenizer@0.0.4": {
      "integrity": "sha512-EHRKbxlxlc8W4KCBEseByJ7YwyYCmgu9OyN59H9+IYIGPoKv8tXyQXinkeGDI+cI8Tiuz9wk2jZb/kK7AyvL7g==",
      "dependencies": [
        "@types/node",
        "tiktoken"
      ]
    },
    "@types/node@18.19.130": {
      "integrity": "sha512-GRaXQx6jGfL8sKfaIDD6OupbIHBr9jv7Jnaml9tB7l4v068PAOXqfcujMMo5PhbIs6ggR1XODELqahT2R8v0fg==",
      "dependencies": [
        "undici-types"
      ]
    },
    "gpt-tokenizer@3.4.0": {
      "integrity": "sha512-wxFLnhIXTDjYebd9A9pGl3e31ZpSypbpIJSOswbgop5jLte/AsZVDvjlbEuVFlsqZixVKqbcoNmRlFDf6pz/UQ=="
    },
    "tiktoken@1.0.22": {
      "integrity": "sha512-PKvy1rVF1RibfF3JlXBSP0Jrcw2uq3yXdgcEXtKTYn3QJ/cBRBHDnrJ5jHky+MENZ6DIPwNUGWpkVx+7joCpNA=="
    },
    "undici-types@5.26.5": {
      "integrity": "sha512-JlCMO+ehdEIKqlFxk6IfVoAUVmgz7cU7zD/h9XZ0qzeosSHmUJVOzSQvvYSYWXkFXC+IfLKSIffhv0sVZup6pA=="
    }
  },
  "workspace": {
    "dependencies": [
      "jsr:@hono/hono@4",
      "jsr:@std/assert@1"
    ],
    "packageJson": {
      "dependencies": [
        "npm:@anthropic-ai/tokenizer@^0.0.4",
        "npm:gpt-tokenizer@^3.4.0",
        "npm:hono@4",
        "npm:wrangler@^4.81.0"
      ]
    }
  }
}
